<?xml version="1.0" encoding="utf-8"?>
<Project ToolsVersion="4.0" xmlns="http://schemas.microsoft.com/developer/msbuild/2003">
  <ItemGroup>
    <Filter Include="소스 파일">
      <UniqueIdentifier>{4FC737F1-C7A5-4376-A066-2A32D752A2FF}</UniqueIdentifier>
      <Extensions>cpp;c;cc;cxx;def;odl;idl;hpj;bat;asm;asmx</Extensions>
    </Filter>
    <Filter Include="헤더 파일">
      <UniqueIdentifier>{93995380-89BD-4b04-88EB-625FBE52EBFB}</UniqueIdentifier>
      <Extensions>h;hh;hpp;hxx;hm;inl;inc;ipp;xsd</Extensions>
    </Filter>
    <Filter Include="리소스 파일">
      <UniqueIdentifier>{67DA6AB6-F800-4c08-8B7A-83BB121AAD01}</UniqueIdentifier>
      <Extensions>rc;ico;cur;bmp;dlg;rc2;rct;bin;rgs;gif;jpg;jpeg;jpe;resx;tiff;tif;png;wav;mfcribbon-ms</Extensions>
    </Filter>
    <Filter Include="헤더 파일\Node">
      <UniqueIdentifier>{46accab2-5985-4ea8-82e5-3d3f0f18343f}</UniqueIdentifier>
    </Filter>
    <Filter Include="헤더 파일\Tree">
      <UniqueIdentifier>{0534f70c-b11f-4138-bb61-746c0a383d3b}</UniqueIdentifier>
    </Filter>
    <Filter Include="소스 파일\Node">
      <UniqueIdentifier>{74764ec3-e3fc-4950-a86f-a084b3fcced1}</UniqueIdentifier>
    </Filter>
    <Filter Include="소스 파일\Tree">
      <UniqueIdentifier>{18b0b76e-6aec-4361-bb09-392a003fa890}</UniqueIdentifier>
    </Filter>
  </ItemGroup>
  <ItemGroup>
    <ClInclude Include="MainHeader.h">
      <Filter>헤더 파일</Filter>
    </ClInclude>
    <ClInclude Include="Global.h">
      <Filter>헤더 파일</Filter>
    </ClInclude>
    <ClInclude Include="Trigger.h">
      <Filter>헤더 파일</Filter>
    </ClInclude>
    <ClInclude Include="Condition\Node\ConditionNode.h">
      <Filter>헤더 파일\Node</Filter>
    </ClInclude>
    <ClInclude Include="Condition\Node\ConditionOperand.h">
      <Filter>헤더 파일\Node</Filter>
    </ClInclude>
    <ClInclude Include="Condition\Node\ConditionOperator.h">
      <Filter>헤더 파일\Node</Filter>
    </ClInclude>
    <ClInclude Include="Condition\ConditionChecker.h">
      <Filter>헤더 파일\Tree</Filter>
    </ClInclude>
    <ClInclude Include="TriggerHeader.h">
      <Filter>헤더 파일</Filter>
    </ClInclude>
    <ClInclude Include="Reaction\ReactionHelper.h">
      <Filter>헤더 파일</Filter>
    </ClInclude>
  </ItemGroup>
  <ItemGroup>
    <ClCompile Include="MainHeader.cpp">
      <Filter>소스 파일</Filter>
    </ClCompile>
    <ClCompile Include="Trigger.cpp">
      <Filter>소스 파일</Filter>
    </ClCompile>
  </ItemGroup>
  <ItemGroup>
    <None Include="Condition\Node\ConditionCheck.inl">
      <Filter>헤더 파일</Filter>
    </None>
  </ItemGroup>
</Project>